
Microsoft Visual Studio Solution File, Format Version 12.00
# Visual Studio Version 17
VisualStudioVersion = 17.3.32929.385
MinimumVisualStudioVersion = 10.0.40219.1
Project("{FAE04EC0-301F-11D3-BF4B-00C04F79EFBC}") = "TheStore", "TheStore.csproj", "{895EE82E-FF34-4C11-BDC1-79C4BEC46493}"
EndProject
Project("{FAE04EC0-301F-11D3-BF4B-00C04F79EFBC}") = "TheStore.UnitTests", "..\TheStoreTests\TheStore.UnitTests.csproj", "{9AAF7AC4-DF28-456C-B167-61B7CC2C12BB}"
EndProject
Global
	GlobalSection(SolutionConfigurationPlatforms) = preSolution
		Debug|Any CPU = Debug|Any CPU
		Release|Any CPU = Release|Any CPU
	EndGlobalSection
	GlobalSection(ProjectConfigurationPlatforms) = postSolution
		{895EE82E-FF34-4C11-BDC1-79C4BEC46493}.Debug|Any CPU.ActiveCfg = Debug|Any CPU
		{895EE82E-FF34-4C11-BDC1-79C4BEC46493}.Debug|Any CPU.Build.0 = Debug|Any CPU
		{895EE82E-FF34-4C11-BDC1-79C4BEC46493}.Release|Any CPU.ActiveCfg = Release|Any CPU
		{895EE82E-FF34-4C11-BDC1-79C4BEC46493}.Release|Any CPU.Build.0 = Release|Any CPU
		{9AAF7AC4-DF28-456C-B167-61B7CC2C12BB}.Debug|Any CPU.ActiveCfg = Debug|Any CPU
		{9AAF7AC4-DF28-456C-B167-61B7CC2C12BB}.Debug|Any CPU.Build.0 = Debug|Any CPU
		{9AAF7AC4-DF28-456C-B167-61B7CC2C12BB}.Release|Any CPU.ActiveCfg = Release|Any CPU
		{9AAF7AC4-DF28-456C-B167-61B7CC2C12BB}.Release|Any CPU.Build.0 = Release|Any CPU
	EndGlobalSection
	GlobalSection(SolutionProperties) = preSolution
		HideSolutionNode = FALSE
	EndGlobalSection
	GlobalSection(ExtensibilityGlobals) = postSolution
		SolutionGuid = {6753129B-16FC-42E8-8F02-F5BD30E11BE4}
	EndGlobalSection
EndGlobal
